hash: 8c3d006a175f6d09788d889aaaa89a1b0f2dfa3f1dd238f289b786626f852f3b
updated: 2017-05-01T17:47:23.86571876-07:00
imports:
- name: github.com/ditashi/jsbeautifier-go
  version: 2520a8026a9c0dc0d6a6da75ddd8217727626d32
  subpackages:
  - jsbeautifier
  - optargs
  - tokenizer
  - unpackers
  - utils
- name: github.com/elazarl/goproxy
  version: aacba83f36a55ac31cbb71c06547a328c0cd1604
- name: golang.org/x/net
  version: da118f7b8e5954f39d0d2130ab35d4bf0e3cb344
  subpackages:
  - html
  - html/atom
testImports: []
